schema: '2.0'
stages:
  data_ingestion:
    cmd: python3 src/data_ingestion.py
    deps:
    - path: src/data_ingestion.py
      hash: md5
      md5: 12f33e8cf5029b42033b689cdeeb9e6b
      size: 2500
    outs:
    - path: data/raw
      hash: md5
      md5: 6a4d11ab83c20d7412f4696595c0b4d1.dir
      size: 479272
      nfiles: 2
  data_preprocessing:
    cmd: python3 src/data_preprocessing.py
    deps:
    - path: data/raw
      hash: md5
      md5: 6a4d11ab83c20d7412f4696595c0b4d1.dir
      size: 479272
      nfiles: 2
    - path: src/data_preprocessing.py
      hash: md5
      md5: c54ba3c30deb7615588c1cda289d2e60
      size: 3598
    outs:
    - path: data/interim
      hash: md5
      md5: d3f80ea917209a657caed01201ee2780.dir
      size: 254818
      nfiles: 2
  feature_engineering:
    cmd: python3 src/feature_engineering.py
    deps:
    - path: data/interim
      hash: md5
      md5: d3f80ea917209a657caed01201ee2780.dir
      size: 254818
      nfiles: 2
    - path: src/feature_engineering.py
      hash: md5
      md5: fbbf3b5a1b13fda7626ec55e5ca120ca
      size: 2866
    outs:
    - path: data/processed
      hash: md5
      md5: 32f834201e1ba3ad9fd18c074659c863.dir
      size: 1174770
      nfiles: 2
  model_training:
    cmd: python3 src/model_training.py
    deps:
    - path: data/processed
      hash: md5
      md5: 32f834201e1ba3ad9fd18c074659c863.dir
      size: 1174770
      nfiles: 2
    - path: src/model_training.py
      hash: md5
      md5: 6bc491b8897f4cdab1ff14e9d50e51e7
      size: 2531
    outs:
    - path: model/model.pkl
      hash: md5
      md5: 69c962c2caed1a9749ef46d529d7edc8
      size: 998488
  model_evalution:
    cmd: python3 src/model_evalution.py
    deps:
    - path: model/model.pkl
      hash: md5
      md5: 69c962c2caed1a9749ef46d529d7edc8
      size: 998488
    - path: src/model_evalution.py
      hash: md5
      md5: 80533bb7fd13b4bc59d4db43172a1c5f
      size: 3107
    outs:
    - path: report/metrics.json
      hash: md5
      md5: b5787b27ec5636c84a4468953782b599
      size: 140
