schema: '2.0'
stages:
  data_ingestion:
    cmd: python3 src/data_ingestion.py
    deps:
    - path: src/data_ingestion.py
      hash: md5
      md5: ab3597aaf412421ba3a1ebd8f1ddb042
      size: 2941
    params:
      params.yaml:
        data_ingestion.test_size: 0.3
    outs:
    - path: data/raw
      hash: md5
      md5: 6c14fc5d4581715d0c084959eeff4b01.dir
      size: 479272
      nfiles: 2
  data_preprocessing:
    cmd: python3 src/data_preprocessing.py
    deps:
    - path: data/raw
      hash: md5
      md5: 6c14fc5d4581715d0c084959eeff4b01.dir
      size: 479272
      nfiles: 2
    - path: src/data_preprocessing.py
      hash: md5
      md5: c54ba3c30deb7615588c1cda289d2e60
      size: 3598
    outs:
    - path: data/interim
      hash: md5
      md5: 91d80631b72bc88148c9f0c49789af70.dir
      size: 257220
      nfiles: 2
  feature_engineering:
    cmd: python3 src/feature_engineering.py
    deps:
    - path: data/interim
      hash: md5
      md5: 91d80631b72bc88148c9f0c49789af70.dir
      size: 257220
      nfiles: 2
    - path: src/feature_engineering.py
      hash: md5
      md5: 30edd5d3cd492b5e2a92eeb454d4d79e
      size: 3290
    params:
      params.yaml:
        feature_engineering.max_features: 50
    outs:
    - path: data/processed
      hash: md5
      md5: bf37d0b0ae07249da3069e138e93f00c.dir
      size: 1182755
      nfiles: 2
  model_training:
    cmd: python3 src/model_training.py
    deps:
    - path: data/processed
      hash: md5
      md5: bf37d0b0ae07249da3069e138e93f00c.dir
      size: 1182755
      nfiles: 2
    - path: src/model_training.py
      hash: md5
      md5: e92f490505f05568c041019a235b6d43
      size: 2875
    params:
      params.yaml:
        model_training.n_estimators: 25
        model_training.random_state: 2
    outs:
    - path: model/model.pkl
      hash: md5
      md5: fd48a0d5c8bf82f8d542f54f39bb3f85
      size: 899608
  model_evalution:
    cmd: python3 src/model_evalution.py
    deps:
    - path: model/model.pkl
      hash: md5
      md5: fd48a0d5c8bf82f8d542f54f39bb3f85
      size: 899608
    - path: src/model_evalution.py
      hash: md5
      md5: 939bee5e6f4ebaffd5d13217b777a0bc
      size: 3773
    outs:
    - path: report/metrics.json
      hash: md5
      md5: eb4899cfb153cb8012ca53d0f8635946
      size: 138
